Microsoft Visual Studio Solution File, Format Version 12.00
# Visual Studio Version 17
VisualStudioVersion = 17.5.2.0
MinimumVisualStudioVersion = 10.0.40219.1
Project("{FAE04EC0-301F-11D3-BF4B-00C04F79EFBC}") = "PIE Stock-Track", "PIE Stock-Track.csproj", "{C2CE3C37-AC35-4AE7-EC90-F319D437CCD6}"
EndProject
Global
	GlobalSection(SolutionConfigurationPlatforms) = preSolution
		Debug|Any CPU = Debug|Any CPU
		Release|Any CPU = Release|Any CPU
	EndGlobalSection
	GlobalSection(ProjectConfigurationPlatforms) = postSolution
		{C2CE3C37-AC35-4AE7-EC90-F319D437CCD6}.Debug|Any CPU.ActiveCfg = Debug|Any CPU
		{C2CE3C37-AC35-4AE7-EC90-F319D437CCD6}.Debug|Any CPU.Build.0 = Debug|Any CPU
		{C2CE3C37-AC35-4AE7-EC90-F319D437CCD6}.Release|Any CPU.ActiveCfg = Release|Any CPU
		{C2CE3C37-AC35-4AE7-EC90-F319D437CCD6}.Release|Any CPU.Build.0 = Release|Any CPU
	EndGlobalSection
	GlobalSection(SolutionProperties) = preSolution
		HideSolutionNode = FALSE
	EndGlobalSection
	GlobalSection(ExtensibilityGlobals) = postSolution
		SolutionGuid = {375AECA4-B8DF-4E3A-BCBA-03E1AA9B1F35}
	EndGlobalSection
EndGlobal
